github.com/beorn7/perks v1.0.1/go.mod h1:Gf78VKIEj+fSHSaFY/ZHFYzBazA8ASr9ddNVjFSgZfQ=
github.com/cenkalti/backoff/v3 v3.0.0/go.mod h1:JDUVVEisLiLCGW6p3c3vWc2tTc6p77lLqA8i+vvM=
github.com/cespare/xxhash/v2 v2.3.0 h1:7kRoc+EvQmja2k0DMzMqrVO3DJ8I4pA6v/iR0+2YjM=
github.com/cespare/xxhash/v2 v2.3.0/go.mod h1:G+csIEH8j8b4BwzuYtLg8K9Q4K6c5j5uR4cX9j2+8sY=
github.com/davecgh/go-spew v1.1.1/go.mod h1:J7Y8YcW2NihsgmVo/mv3lAwl/skON4iLHjSsI+c5H38=
github.com/go-chi/chi/v5 v5.2.3 h1:WQIt9uxdsAbgIYgid+BpYc+liqQZGMHRaUwp0JUcvdE=
github.com/go-chi/chi/v5 v5.2.3/go.mod h1:L2yAIGWB3H+phAw1NxKwWM+7eUH/lU8pOMm5hHcoops=
github.com/go-jose/go-jose/v3 v3.0.1 h1:yAKlXDbvKAMqXb6lD2U4b0j2c5g4iF5H9l1hP0y8Q0=
github.com/go-jose/go-jose/v3 v3.0.1/go.mod h1:oU4w8s岔z/Em2v/Z974C8Ufxh8U0q0cYVQbRjAfbXoA=
github.com/go-logr/logr v1.4.2 h1:QaRNYQ+AZXwb3bH9b+V6R5o8k1a9p6+4V2C2yqW6=
github.com/go-logr/logr v1.4.2/go.mod h1:gH+MPJ7cU3v7g4j+ch8qL1J8k3oCE9b4lC+0qP7i8kA=
github.com/go-logr/stdr v1.2.2 h1:hSWx1ALeCxj7n8/h5CNBaD2vTxvLvyQBdPW0wPj/wQ=
github.com/go-logr/stdr v1.2.2/go.mod h1:mKi/vPcrDcwhmE2rj9bXwO4L5V4XK5v8oB8p4C4G4bY=
github.com/golang/protobuf v1.5.3 h1:KhyjKVUg7Usr/dYsdSqoFveMYd5ko72D+zANwlG1mpg=
github.com/golang/protobuf v1.5.3/go.mod h1:PsDiFBTaTkCGJ7cZDbvE9A9v8lM+2z0bT8F3G9YQ2K0=
github.com/google/uuid v1.6.0 h1:NIvaJDMOsjHA8n1jAhLSgzrAzy1Hgr+hN/r57wW17Y=
github.com/google/uuid v1.6.0/go.mod h1:TIyPZe4MgqvfeYDBFedMoGGpEw/LqOeaOT+nhxU+yHo=
github.com/hashicorp/errwrap v1.1.0 h1:OxrOeh75EUXMY8TBjag2fzXGZ40LB6IKw45YeGUDY2I=
github.com/hashicorp/errwrap v1.1.0/go.mod h1:YH+1FKiLXxHSkmPseP+kNl+Jq3CqkdqALqFH4t8q8A=
github.com/hashicorp/go-cleanhttp v0.5.2 h1:uFCHuhLQv430QAUN3zzg+PR3Odrkq8YLtHYs7id/gbc=
github.com/hashicorp/go-cleanhttp v0.5.2/go.mod h1:gO8y53ECXyzf6dURHFAJmf5jS4E3g7I2JRehwDLn1Ug=
github.com/hashicorp/go-multierror v1.1.1 h1:H5DkEtf6CXdFp0N0Em5ujwE95IZHD+B+B+6GLqYB5g8=
github.com/hashicorp/go-multierror v1.1.1/go.mod h1:iwIhJ8G4xVRiDKQDWON+2bimBisQSMHpjsgeCHcuF3M=
github.com/hashicorp/go-retryablehttp v0.6.6 h1:AI7rGz5d4fQ9Ee9qCPhJ6q1o9v7o9k9k7o3wC9tQ3E=
github.com/hashicorp/go-retryablehttp v0.6.6/go.mod h1:UBzTIEzpnLKBpDJZZK4CqL7kO7zL/KS4iSXXQ5l7b4U=
github.com/hashicorp/go-rootcerts v1.0.2 h1:jUBIM4PxD1l3Q9F5t5s1gV7X3x8z6m3s8sF5j1l7bB4=
github.com/hashicorp/go-rootcerts v1.0.2/go.mod h1:q5QU7YobUKC5YjGmaW2C3JMs5zZ3r6y3rGZ5v5z6=
github.com/hashicorp/go-secure-stdlib/parseutil v0.1.6 h1:w5vPSqXWz6QZ4y2V6C5j6p8bH9s3l2tK3h3c5w5w5w=
github.com/hashicorp/go-secure-stdlib/parseutil v0.1.6/go.mod h1:QqQ2rIzeSD6O7b4aW9z9i7YQ5KQ5r5sV5t4x2f3Y6=
github.com/hashicorp/go-secure-stdlib/strutil v0.1.2 h1:iBNa5Q1GkV5t7F5j7l9H8qQ7w9r2z9c9w9s9z9z9z=
github.com/hashicorp/go-secure-stdlib/strutil v0.1.2/go.mod h1:z6T4g5pW8k9z2d1nE4vW5V5r5p5p5v5w5w5w5w5w5w5w=
github.com/hashicorp/go-sockaddr v1.0.2 h1:39VyH79tF0nC6d5k9g1h5f5t5z5t5t5t5t5t5t5t5t5t=
github.com/hashicorp/go-sockaddr v1.0.2/go.mod h1:qGBq5R2FDzKi0puX/t+NPmJ9E5X0sZ2v5w5v5w5w5=
github.com/hashicorp/hcl v1.0.0 h1:0Anlzjpi4vEasTeNFn2mDJgythWTZdh8xiR2DOByj5Q=
github.com/hashicorp/hcl v1.0.0/go.mod h1:0znyaAGisqZ9G9C0iUwwvaf2YhMh5NMHYJWczthLIzk=
github.com/hashicorp/vault/api v1.11.0 h1:AChWByeHf4/P9sX3Y1B7vFsQhZO2BgQiCMQ2SA1P1UY=
github.com/hashicorp/vault/api v1.11.0/go.mod h1:4Qe1rO4N2fN9qI9v3c3u3l3v3v3v3v3v3v3v3v3v3v3=
github.com/kr/text v0.2.0 h1:5Pj0MJ1PsX4Fz2sP4w+jw5u1x8CqVvQj8y5c5t5t5t=
github.com/kr/text v0.2.0/go.mod h1:e1er/RAw8Mv6yL7j5P2j8v1s3N3v3v3v3v3v3v3v3v3=
github.com/mattn/go-colorable v0.1.12 h1:jF+Du6AlPIq2o1kUTucJOfnrmFpr+W3+pjXwZU2DBkE=
github.com/mattn/go-colorable v0.1.12/go.mod h1:u5H1YNBxpqRaxsYJYSkiCWKzEfiAb1Gb520KVy5xxl4=
github.com/mattn/go-isatty v0.0.14 h1:yVMFaDAjX9Px+Y+/lsDaIKUCjFFIgqCEOQysraNdijY=
github.com/mattn/go-isatty v0.0.14/go.mod h1:7GGIvUiUoEMVVmxf/4nioHXj79iQHKdU27kJ6hsGG94=
github.com/matttproud/golang_protobuf_extensions v1.0.4 h1:mmDVorXM7HPg02qQlgXEsaXtQ3UNZ4QeUAU8LTvN0g4=
github.com/matttproud/golang_protobuf_extensions v1.0.4/go.mod h1:BSXmuO+STAnVfrANrmjB36BfTdzm1C0FteyI2MCzESQ=
github.com/mitchellh/go-homedir v1.1.0 h1:lukF9ziXFxDFPkA1f9LFD/RC7n09g2v8nA5Jq3uZFI=
github.com/mitchellh/go-homedir v1.1.0/go.mod h1:sfi159jfPuGov8+u38O3n7b6Xb6x4j9K9tQq6l8s7EI=
github.com/mitchellh/mapstructure v1.5.0 h1:jeMsZIYE08TsZQqtgUT8uEDPxjxeXHTiLMuInSUgrblU=
github.com/mitchellh/mapstructure v1.5.0/go.mod h1:b3Kq5Gxfgnz3Z8v6h9Wv9h5V4Y5H1d3v3v3v3v3v3v3=
github.com/pkg/errors v0.9.1 h1:FEBLx1zS214owpjy7qsBeixbURkuhQAwrK5UwLGTwt4=
github.com/pkg/errors v0.9.1/go.mod h1:bwawxfHBFNV+L2hUp1rHADufV3IMtnDRdf1r5NINEl0=
github.com/pmezard/go-difflib v1.0.0 h1:4DBwDE0NGyQoBHbLQYPwSUPoCMWR5BEzIk/f1lZbAQM=
github.com/pmezard/go-difflib v1.0.0/go.mod h1:iKH77koFhYxTK1pcRnkKkqfTogsbg7gZNVY4sRDYZ/4=
github.com/prometheus/client_golang v1.17.0 h1:UFrJjpVWp5pDO4U/oSQ3F+fyQCZq8Z3Hzo1iU6wFZ3w=
github.com/prometheus/client_golang v1.17.0/go.mod h1:DsulRciY3GBPUvbqbe50jiVE3xRFRjCG6c4B9+j5l8w=
github.com/prometheus/client_model v0.4.1-0.20230718164431-9a2bf3000d16 h1:lxHS86dn3tmpB5u7dWK0LU3ISo9GA8jT6DkLYq5jU5M=
github.com/prometheus/client_model v0.4.1-0.20230718164431-9a2bf3000d16/go.mod h1:eNA1G4DibHi53IfINMn9XcDMyyCOqcsuHP3n6Hr/ywA=
github.com/prometheus/common v0.44.0 h1:l2lC1j9L2dW8m8eE6b7d3q9j5q0r9w5y5t5t5t5t5t=
github.com/prometheus/common v0.44.0/go.mod h1:5A+Sr9yG8g6W9w4A5t5s5o5r5f5r5r5r5r5r5r5r5r5r=
github.com/prometheus/procfs v0.11.1 h1:mxy4y3sJGZ7Jc5k7q6X0z8V3w3y9q5r5r5r5r5r5r5r=
github.com/prometheus/procfs v0.11.1/go.mod h1:sJ5S4z3V58Qe3B5p5Q5J5z5r5r5r5r5r5r5r5r5r5r5r=
github.com/ryanuber/go-glob v1.0.0 h1:iQhYXx7Zce/r05/gB+bvr9n9h8G/T5Jr/vbY9Z6w4Y=
github.com/ryanuber/go-glob v1.0.0/go.mod h1:4F6iQcc4mQ6Tj4j5y5t5W5w5r5r5r5r5r5r5r5r5r5r5=
github.com/rs/zerolog v1.30.0 h1:ZhJDrZ/7zHa0yZ4p7L4f3qL5qQq7QjV9q5t5t5t5t5t=
github.com/rs/zerolog v1.30.0/go.mod h1:/tk+P47gFdPXq4QYjvCmT5/Gsug2nagsFWBWhAiSi1w=
github.com/stretchr/testify v1.9.0 h1:HtPmIH91K9S23+QkJ3nY96IDzuAKwsBH0PFwspSKO8M=
github.com/stretchr/testify v1.9.0/go.mod h1:sz/lmYIOXD/1dqDmKjjqLyZ2RngseejIcXlSw2iwfAo=
go.opentelemetry.io/otel v1.32.0 h1:r1n2QeHq5e7c1wDkH7nJbZ4k0p3t5e5p5t5t5t5t5t5t=
go.opentelemetry.io/otel v1.32.0/go.mod h1:uXhM2qZ5k3l6J9p5p5p5p5p5p5p5p5p5p5p5p5p5p5p5=
go.opentelemetry.io/otel/exporters/stdout/stdouttrace v1.32.0 h1:e3tGkO7t5s5s5t5t5t5t5t5t5t5t5t5t5t5t5t5t5t5t=
go.opentelemetry.io/otel/exporters/stdout/stdouttrace v1.32.0/go.mod h1:5z5G5G5G5G5G5G5G5G5G5G5G5G5G5G5G5G5G5G5G5G5G5G=
go.opentelemetry.io/otel/metric v1.32.0 h1:5z5G5G5G5G5G5G5G5G5G5G5G5G5G5G5G5G5G5G5G5G5G=
go.opentelemetry.io/otel/metric v1.32.0/go.mod h1:5z5G5G5G5G5G5G5G5G5G5G5G5G5G5G5G5G5G5G5G5G5G5G=
go.opentelemetry.io/otel/sdk v1.32.0 h1:5z5G5G5G5G5G5G5G5G5G5G5G5G5G5G5G5G5G5G5G5G5G5G=
go.opentelemetry.io/otel/sdk v1.32.0/go.mod h1:5z5G5G5G5G5G5G5G5G5G5G5G5G5G5G5G5G5G5G5G5G5G5G=
go.opentelemetry.io/otel/trace v1.32.0 h1:5z5G5G5G5G5G5G5G5G5G5G5G5G5G5G5G5G5G5G5G5G5G5G=
go.opentelemetry.io/otel/trace v1.32.0/go.mod h1:5z5G5G5G5G5G5G5G5G5G5G5G5G5G5G5G5G5G5G5G5G5G5G=
golang.org/x/crypto v0.24.0 h1:1wHiARxRdar83wPKmDiK7jGrhCM1qGLaHWwoR8Fpo8M=
golang.org/x/crypto v0.24.0/go.mod h1:aJsjo7eJ+St5lU+5p5fO3kZ8kHKM9pU+V/08t9lR2b4=
golang.org/x/net v0.26.0 h1:oVAB32yHLgFg94+J5n5K4lbh3wL1HajP1zM3qE6x+6o=
golang.org/x/net v0.26.0/go.mod h1:5ouIpxj+dHspU3rU0oT7rF2v4r5h5zMh9r7s5s5s5s5=
golang.org/x/sys v0.27.0 h1:8s3HqWzPmcJA8e5w9lQ9g5f8U0lYx5z5z5z5z5z5z5z5z=
golang.org/x/sys v0.27.0/go.mod h1:uP96lO5dT4TWlgIHyHWs1wB6Nq9K8H4rFstvP5s5s5s=
golang.org/x/text v0.16.0 h1:a94ExnEXuEwMwh6aIeaZOrG5yGOpnhoqQAWI4WEmz5w=
golang.org/x/text v0.16.0/go.mod h1:GkhVcdVlxmb08YhEM81JBOltcyf30pBuxhLQUjUrDpo=
golang.org/x/time v0.0.0-20200416051211-89c76fbcd5d1 h1:HiJ2I9vJ5g7L/1sT2pO3y2p5p5p5p5p5p5p5p5p5p5p5p5=
golang.org/x/time v0.0.0-20200416051211-89c76fbcd5d1/go.mod h1:tRJJDiyKz5pVnyFneSmjZSQWKFj7OhQL3jTPnVvX4sI=
google.golang.org/genproto/googleapis/rpc v0.0.0-20240604185151-ef581f913117 h1:Q6i5e3x0x5b5w5o5G5G5G5G5G5G5G5G5G5G5G5G5G5G5G5G=
google.golang.org/genproto/googleapis/rpc v0.0.0-20240604185151-ef581f913117/go.mod h1:6o5f5G5G5G5G5G5G5G5G5G5G5G5G5G5G5G5G5G5G5G5G5G=
google.golang.org/grpc v1.66.2 h1:4q9Jqcy2t4o5w4r5r5r5r5r5r5r5r5r5r5r5r5r5r5r5r5r=
google.golang.org/grpc v1.66.2/go.mod h1:I9bI3vqKfayGqPUAwGdOSu7kt6oIJLixfffKrpXqQ9s=
google.golang.org/protobuf v1.34.1 h1:9ddQBjfCSZ8zT6g6+5Z6Lpaq9d7n7hM9rNqY5z5z5z=
google.golang.org/protobuf v1.34.1/go.mod h1:q8foujUadYf+9e6z5G5G5G5G5G5G5G5G5G5G5G5G5G5G5G=
gopkg.in/check.v1 v0.0.0-20161208181325-20d25e280405 h1:yhCVgyC4o1eVCa2tZl7eS0r+SDo693bJlVdllGtEeKM=
gopkg.in/check.v1 v0.0.0-20161208181325-20d25e280405/go.mod h1:Co6ibVgAzJXDpZf0W3vvhFrcpk7HPS4zI0a9VvX8w7w=
gopkg.in/yaml.v3 v3.0.1 h1:fxVm/GzAzEWqLHuvctI91KS9hhNmmWOoWu0XTYJS7CA=
gopkg.in/yaml.v3 v3.0.1/go.mod h1:K4uyk7z7BCEPqu6E+C64Yfv1cQ7kz7rIZviUmN+EgEM=
